// !$*UTF8*$!
{
	archiveVersion = 1;
	classes = {
	};
	objectVersion = 46;
	objects = {

/* Begin PBXBuildFile section */
		75E8F42E1D11D6AF00DB76F1 /* AppDelegate.swift in Sources */ = {isa = PBXBuildFile; fileRef = 75E8F42D1D11D6AF00DB76F1 /* AppDelegate.swift */; };
		75E8F4301D11D6AF00DB76F1 /* ViewController.swift in Sources */ = {isa = PBXBuildFile; fileRef = 75E8F42F1D11D6AF00DB76F1 /* ViewController.swift */; };
		75E8F4331D11D6AF00DB76F1 /* Main.storyboard in Resources */ = {isa = PBXBuildFile; fileRef = 75E8F4311D11D6AF00DB76F1 /* Main.storyboard */; };
		75E8F4351D11D6AF00DB76F1 /* Assets.xcassets in Resources */ = {isa = PBXBuildFile; fileRef = 75E8F4341D11D6AF00DB76F1 /* Assets.xcassets */; };
		75E8F4381D11D6AF00DB76F1 /* LaunchScreen.storyboard in Resources */ = {isa = PBXBuildFile; fileRef = 75E8F4361D11D6AF00DB76F1 /* LaunchScreen.storyboard */; };
		75E8F4431D11D6AF00DB76F1 /* testTests.swift in Sources */ = {isa = PBXBuildFile; fileRef = 75E8F4421D11D6AF00DB76F1 /* testTests.swift */; };
		75E8F44E1D11D6AF00DB76F1 /* testUITests.swift in Sources */ = {isa = PBXBuildFile; fileRef = 75E8F44D1D11D6AF00DB76F1 /* testUITests.swift */; };
/* End PBXBuildFile section */

/* Begin PBXContainerItemProxy section */
		75E8F43F1D11D6AF00DB76F1 /* PBXContainerItemProxy */ = {
			isa = PBXContainerItemProxy;
			containerPortal = 75E8F4221D11D6AF00DB76F1 /* Project object */;
			proxyType = 1;
			remoteGlobalIDString = 75E8F4291D11D6AF00DB76F1;
			remoteInfo = test;
		};
		75E8F44A1D11D6AF00DB76F1 /* PBXContainerItemProxy */ = {
			isa = PBXContainerItemProxy;
			containerPortal = 75E8F4221D11D6AF00DB76F1 /* Project object */;
			proxyType = 1;
			remoteGlobalIDString = 75E8F4291D11D6AF00DB76F1;
			remoteInfo = test;
		};
/* End PBXContainerItemProxy section */

/* Begin PBXFileReference section */
		75E8F42A1D11D6AF00DB76F1 /* test.app */ = {isa = PBXFileReference; explicitFileType = wrapper.application; includeInIndex = 0; path = test.app; sourceTree = BUILT_PRODUCTS_DIR; };
		75E8F42D1D11D6AF00DB76F1 /* AppDelegate.swift */ = {isa = PBXFileReference; lastKnownFileType = sourcecode.swift; path = AppDelegate.swift; sourceTree = "<group>"; };
		75E8F42F1D11D6AF00DB76F1 /* ViewController.swift */ = {isa = PBXFileReference; lastKnownFileType = sourcecode.swift; path = ViewController.swift; sourceTree = "<group>"; };
		75E8F4321D11D6AF00DB76F1 /* Base */ = {isa = PBXFileReference; lastKnownFileType = file.storyboard; name = Base; path = Base.lproj/Main.storyboard; sourceTree = "<group>"; };
		75E8F4341D11D6AF00DB76F1 /* Assets.xcassets */ = {isa = PBXFileReference; lastKnownFileType = folder.assetcatalog; path = Assets.xcassets; sourceTree = "<group>"; };
		75E8F4371D11D6AF00DB76F1 /* Base */ = {isa = PBXFileReference; lastKnownFileType = file.storyboard; name = Base; path = Base.lproj/LaunchScreen.storyboard; sourceTree = "<group>"; };
		75E8F4391D11D6AF00DB76F1 /* Info.plist */ = {isa = PBXFileReference; lastKnownFileType = text.plist.xml; path = Info.plist; sourceTree = "<group>"; };
		75E8F43E1D11D6AF00DB76F1 /* testTests.xctest */ = {isa = PBXFileReference; explicitFileType = wrapper.cfbundle; includeInIndex = 0; path = testTests.xctest; sourceTree = BUILT_PRODUCTS_DIR; };
		75E8F4421D11D6AF00DB76F1 /* testTests.swift */ = {isa = PBXFileReference; lastKnownFileType = sourcecode.swift; path = testTests.swift; sourceTree = "<group>"; };
		75E8F4441D11D6AF00DB76F1 /* Info.plist */ = {isa = PBXFileReference; lastKnownFileType = text.plist.xml; path = Info.plist; sourceTree = "<group>"; };
		75E8F4491D11D6AF00DB76F1 /* testUITests.xctest */ = {isa = PBXFileReference; explicitFileType = wrapper.cfbundle; includeInIndex = 0; path = testUITests.xctest; sourceTree = BUILT_PRODUCTS_DIR; };
		75E8F44D1D11D6AF00DB76F1 /* testUITests.swift */ = {isa = PBXFileReference; lastKnownFileType = sourcecode.swift; path = testUITests.swift; sourceTree = "<group>"; };
		75E8F44F1D11D6AF00DB76F1 /* Info.plist */ = {isa = PBXFileReference; lastKnownFileType = text.plist.xml; path = Info.plist; sourceTree = "<group>"; };
/* End PBXFileReference section */

/* Begin PBXFrameworksBuildPhase section */
		75E8F4271D11D6AF00DB76F1 /* Frameworks */ = {
			isa = PBXFrameworksBuildPhase;
			buildActionMask = 2147483647;
			files = (
			);
			runOnlyForDeploymentPostprocessing = 0;
		};
		75E8F43B1D11D6AF00DB76F1 /* Frameworks */ = {
			isa = PBXFrameworksBuildPhase;
			buildActionMask = 2147483647;
			files = (
			);
			runOnlyForDeploymentPostprocessing = 0;
		};
		75E8F4461D11D6AF00DB76F1 /* Frameworks */ = {
			isa = PBXFrameworksBuildPhase;
			buildActionMask = 2147483647;
			files = (
			);
			runOnlyForDeploymentPostprocessing = 0;
		};
/* End PBXFrameworksBuildPhase section */

/* Begin PBXGroup section */
		75E8F4211D11D6AF00DB76F1 = {
			isa = PBXGroup;
			children = (
				75E8F42C1D11D6AF00DB76F1 /* test */,
				75E8F4411D11D6AF00DB76F1 /* testTests */,
				75E8F44C1D11D6AF00DB76F1 /* testUITests */,
				75E8F42B1D11D6AF00DB76F1 /* Products */,
			);
			sourceTree = "<group>";
		};
		75E8F42B1D11D6AF00DB76F1 /* Products */ = {
			isa = PBXGroup;
			children = (
				75E8F42A1D11D6AF00DB76F1 /* test.app */,
				75E8F43E1D11D6AF00DB76F1 /* testTests.xctest */,
				75E8F4491D11D6AF00DB76F1 /* testUITests.xctest */,
			);
			name = Products;
			sourceTree = "<group>";
		};
		75E8F42C1D11D6AF00DB76F1 /* test */ = {
			isa = PBXGroup;
			children = (
				75E8F42D1D11D6AF00DB76F1 /* AppDelegate.swift */,
				75E8F42F1D11D6AF00DB76F1 /* ViewController.swift */,
				75E8F4311D11D6AF00DB76F1 /* Main.storyboard */,
				75E8F4341D11D6AF00DB76F1 /* Assets.xcassets */,
				75E8F4361D11D6AF00DB76F1 /* LaunchScreen.storyboard */,
				75E8F4391D11D6AF00DB76F1 /* Info.plist */,
			);
			path = test;
			sourceTree = "<group>";
		};
		75E8F4411D11D6AF00DB76F1 /* testTests */ = {
			isa = PBXGroup;
			children = (
				75E8F4421D11D6AF00DB76F1 /* testTests.swift */,
				75E8F4441D11D6AF00DB76F1 /* Info.plist */,
			);
			path = testTests;
			sourceTree = "<group>";
		};
		75E8F44C1D11D6AF00DB76F1 /* testUITests */ = {
			isa = PBXGroup;
			children = (
				75E8F44D1D11D6AF00DB76F1 /* testUITests.swift */,
				75E8F44F1D11D6AF00DB76F1 /* Info.plist */,
			);
			path = testUITests;
			sourceTree = "<group>";
		};
/* End PBXGroup section */

/* Begin PBXNativeTarget section */
		75E8F4291D11D6AF00DB76F1 /* test */ = {
			isa = PBXNativeTarget;
			buildConfigurationList = 75E8F4521D11D6AF00DB76F1 /* Build configuration list for PBXNativeTarget "test" */;
			buildPhases = (
				75E8F4261D11D6AF00DB76F1 /* Sources */,
				75E8F4271D11D6AF00DB76F1 /* Frameworks */,
				75E8F4281D11D6AF00DB76F1 /* Resources */,
			);
			buildRules = (
			);
			dependencies = (
			);
			name = test;
			productName = test;
			productReference = 75E8F42A1D11D6AF00DB76F1 /* test.app */;
			productType = "com.apple.product-type.application";
		};
		75E8F43D1D11D6AF00DB76F1 /* testTests */ = {
			isa = PBXNativeTarget;
			buildConfigurationList = 75E8F4551D11D6AF00DB76F1 /* Build configuration list for PBXNativeTarget "testTests" */;
			buildPhases = (
				75E8F43A1D11D6AF00DB76F1 /* Sources */,
				75E8F43B1D11D6AF00DB76F1 /* Frameworks */,
				75E8F43C1D11D6AF00DB76F1 /* Resources */,
			);
			buildRules = (
			);
			dependencies = (
				75E8F4401D11D6AF00DB76F1 /* PBXTargetDependency */,
			);
			name = testTests;
			productName = testTests;
			productReference = 75E8F43E1D11D6AF00DB76F1 /* testTests.xctest */;
			productType = "com.apple.product-type.bundle.unit-test";
		};
		75E8F4481D11D6AF00DB76F1 /* testUITests */ = {
			isa = PBXNativeTarget;
			buildConfigurationList = 75E8F4581D11D6AF00DB76F1 /* Build configuration list for PBXNativeTarget "testUITests" */;
			buildPhases = (
				75E8F4451D11D6AF00DB76F1 /* Sources */,
				75E8F4461D11D6AF00DB76F1 /* Frameworks */,
				75E8F4471D11D6AF00DB76F1 /* Resources */,
			);
			buildRules = (
			);
			dependencies = (
				75E8F44B1D11D6AF00DB76F1 /* PBXTargetDependency */,
			);
			name = testUITests;
			productName = testUITests;
			productReference = 75E8F4491D11D6AF00DB76F1 /* testUITests.xctest */;
			productType = "com.apple.product-type.bundle.ui-testing";
		};
/* End PBXNativeTarget section */

/* Begin PBXProject section */
		75E8F4221D11D6AF00DB76F1 /* Project object */ = {
			isa = PBXProject;
			attributes = {
				LastSwiftUpdateCheck = 0730;
				LastUpgradeCheck = 0730;
				ORGANIZATIONNAME = "Anurag Agnihotri";
				TargetAttributes = {
					75E8F4291D11D6AF00DB76F1 = {
						CreatedOnToolsVersion = 7.3.1;
					};
					75E8F43D1D11D6AF00DB76F1 = {
						CreatedOnToolsVersion = 7.3.1;
						TestTargetID = 75E8F4291D11D6AF00DB76F1;
					};
					75E8F4481D11D6AF00DB76F1 = {
						CreatedOnToolsVersion = 7.3.1;
						TestTargetID = 75E8F4291D11D6AF00DB76F1;
					};
				};
			};
			buildConfigurationList = 75E8F4251D11D6AF00DB76F1 /* Build configuration list for PBXProject "test" */;
			compatibilityVersion = "Xcode 3.2";
			developmentRegion = English;
			hasScannedForEncodings = 0;
			knownRegions = (
				en,
				Base,
			);
			mainGroup = 75E8F4211D11D6AF00DB76F1;
			productRefGroup = 75E8F42B1D11D6AF00DB76F1 /* Products */;
			projectDirPath = "";
			projectRoot = "";
			targets = (
				75E8F4291D11D6AF00DB76F1 /* test */,
				75E8F43D1D11D6AF00DB76F1 /* testTests */,
				75E8F4481D11D6AF00DB76F1 /* testUITests */,
			);
		};
/* End PBXProject section */

/* Begin PBXResourcesBuildPhase section */
		75E8F4281D11D6AF00DB76F1 /* Resources */ = {
			isa = PBXResourcesBuildPhase;
			buildActionMask = 2147483647;
			files = (
				75E8F4381D11D6AF00DB76F1 /* LaunchScreen.storyboard in Resources */,
				75E8F4351D11D6AF00DB76F1 /* Assets.xcassets in Resources */,
				75E8F4331D11D6AF00DB76F1 /* Main.storyboard in Resources */,
			);
			runOnlyForDeploymentPostprocessing = 0;
		};
		75E8F43C1D11D6AF00DB76F1 /* Resources */ = {
			isa = PBXResourcesBuildPhase;
			buildActionMask = 2147483647;
			files = (
			);
			runOnlyForDeploymentPostprocessing = 0;
		};
		75E8F4471D11D6AF00DB76F1 /* Resources */ = {
			isa = PBXResourcesBuildPhase;
			buildActionMask = 2147483647;
			files = (
			);
			runOnlyForDeploymentPostprocessing = 0;
		};
/* End PBXResourcesBuildPhase section */

/* Begin PBXSourcesBuildPhase section */
		75E8F4261D11D6AF00DB76F1 /* Sources */ = {
			isa = PBXSourcesBuildPhase;
			buildActionMask = 2147483647;
			files = (
				75E8F4301D11D6AF00DB76F1 /* ViewController.swift in Sources */,
				75E8F42E1D11D6AF00DB76F1 /* AppDelegate.swift in Sources */,
			);
			runOnlyForDeploymentPostprocessing = 0;
		};
		75E8F43A1D11D6AF00DB76F1 /* Sources */ = {
			isa = PBXSourcesBuildPhase;
			buildActionMask = 2147483647;
			files = (
				75E8F4431D11D6AF00DB76F1 /* testTests.swift in Sources */,
			);
			runOnlyForDeploymentPostprocessing = 0;
		};
		75E8F4451D11D6AF00DB76F1 /* Sources */ = {
			isa = PBXSourcesBuildPhase;
			buildActionMask = 2147483647;
			files = (
				75E8F44E1D11D6AF00DB76F1 /* testUITests.swift in Sources */,
			);
			runOnlyForDeploymentPostprocessing = 0;
		};
/* End PBXSourcesBuildPhase section */

/* Begin PBXTargetDependency section */
		75E8F4401D11D6AF00DB76F1 /* PBXTargetDependency */ = {
			isa = PBXTargetDependency;
			target = 75E8F4291D11D6AF00DB76F1 /* test */;
			targetProxy = 75E8F43F1D11D6AF00DB76F1 /* PBXContainerItemProxy */;
		};
		75E8F44B1D11D6AF00DB76F1 /* PBXTargetDependency */ = {
			isa = PBXTargetDependency;
			target = 75E8F4291D11D6AF00DB76F1 /* test */;
			targetProxy = 75E8F44A1D11D6AF00DB76F1 /* PBXContainerItemProxy */;
		};
/* End PBXTargetDependency section */

/* Begin PBXVariantGroup section */
		75E8F4311D11D6AF00DB76F1 /* Main.storyboard */ = {
			isa = PBXVariantGroup;
			children = (
				75E8F4321D11D6AF00DB76F1 /* Base */,
			);
			name = Main.storyboard;
			sourceTree = "<group>";
		};
		75E8F4361D11D6AF00DB76F1 /* LaunchScreen.storyboard */ = {
			isa = PBXVariantGroup;
			children = (
				75E8F4371D11D6AF00DB76F1 /* Base */,
			);
			name = LaunchScreen.storyboard;
			sourceTree = "<group>";
		};
/* End PBXVariantGroup section */

/* Begin XCBuildConfiguration section */
		75E8F4501D11D6AF00DB76F1 /* Debug */ = {
			isa = XCBuildConfiguration;
			buildSettings = {
				ALWAYS_SEARCH_USER_PATHS = NO;
				CLANG_ANALYZER_NONNULL = YES;
				CLANG_CXX_LANGUAGE_STANDARD = "gnu++0x";
				CLANG_CXX_LIBRARY = "libc++";
				CLANG_ENABLE_MODULES = YES;
				CLANG_ENABLE_OBJC_ARC = YES;
				CLANG_WARN_BOOL_CONVERSION = YES;
				CLANG_WARN_CONSTANT_CONVERSION = YES;
				CLANG_WARN_DIRECT_OBJC_ISA_USAGE = YES_ERROR;
				CLANG_WARN_EMPTY_BODY = YES;
				CLANG_WARN_ENUM_CONVERSION = YES;
				CLANG_WARN_INT_CONVERSION = YES;
				CLANG_WARN_OBJC_ROOT_CLASS = YES_ERROR;
				CLANG_WARN_UNREACHABLE_CODE = YES;
				CLANG_WARN__DUPLICATE_METHOD_MATCH = YES;
				"CODE_SIGN_IDENTITY[sdk=iphoneos*]" = "iPhone Developer";
				COPY_PHASE_STRIP = NO;
				DEBUG_INFORMATION_FORMAT = dwarf;
				ENABLE_STRICT_OBJC_MSGSEND = YES;
				ENABLE_TESTABILITY = YES;
				GCC_C_LANGUAGE_STANDARD = gnu99;
				GCC_DYNAMIC_NO_PIC = NO;
				GCC_NO_COMMON_BLOCKS = YES;
				GCC_OPTIMIZATION_LEVEL = 0;
				GCC_PREPROCESSOR_DEFINITIONS = (
					"DEBUG=1",
					"$(inherited)",
				);
				GCC_WARN_64_TO_32_BIT_CONVERSION = YES;
				GCC_WARN_ABOUT_RETURN_TYPE = YES_ERROR;
				GCC_WARN_UNDECLARED_SELECTOR = YES;
				GCC_WARN_UNINITIALIZED_AUTOS = YES_AGGRESSIVE;
				GCC_WARN_UNUSED_FUNCTION = YES;
				GCC_WARN_UNUSED_VARIABLE = YES;
				IPHONEOS_DEPLOYMENT_TARGET = 9.3;
				MTL_ENABLE_DEBUG_INFO = YES;
				ONLY_ACTIVE_ARCH = YES;
				SDKROOT = iphoneos;
				SWIFT_OPTIMIZATION_LEVEL = "-Onone";
				TARGETED_DEVICE_FAMILY = "1,2";
			};
			name = Debug;
		};
		75E8F4511D11D6AF00DB76F1 /* Release */ = {
			isa = XCBuildConfiguration;
			buildSettings = {
				ALWAYS_SEARCH_USER_PATHS = NO;
				CLANG_ANALYZER_NONNULL = YES;
				CLANG_CXX_LANGUAGE_STANDARD = "gnu++0x";
				CLANG_CXX_LIBRARY = "libc++";
				CLANG_ENABLE_MODULES = YES;
				CLANG_ENABLE_OBJC_ARC = YES;
				CLANG_WARN_BOOL_CONVERSION = YES;
				CLANG_WARN_CONSTANT_CONVERSION = YES;
				CLANG_WARN_DIRECT_OBJC_ISA_USAGE = YES_ERROR;
				CLANG_WARN_EMPTY_BODY = YES;
				CLANG_WARN_ENUM_CONVERSION = YES;
				CLANG_WARN_INT_CONVERSION = YES;
				CLANG_WARN_OBJC_ROOT_CLASS = YES_ERROR;
				CLANG_WARN_UNREACHABLE_CODE = YES;
				CLANG_WARN__DUPLICATE_METHOD_MATCH = YES;
				"CODE_SIGN_IDENTITY[sdk=iphoneos*]" = "iPhone Developer";
				COPY_PHASE_STRIP = NO;
				DEBUG_INFORMATION_FORMAT = "dwarf-with-dsym";
				ENABLE_NS_ASSERTIONS = NO;
				ENABLE_STRICT_OBJC_MSGSEND = YES;
				GCC_C_LANGUAGE_STANDARD = gnu99;
				GCC_NO_COMMON_BLOCKS = YES;
				GCC_WARN_64_TO_32_BIT_CONVERSION = YES;
				GCC_WARN_ABOUT_RETURN_TYPE = YES_ERROR;
				GCC_WARN_UNDECLARED_SELECTOR = YES;
				GCC_WARN_UNINITIALIZED_AUTOS = YES_AGGRESSIVE;
				GCC_WARN_UNUSED_FUNCTION = YES;
				GCC_WARN_UNUSED_VARIABLE = YES;
				IPHONEOS_DEPLOYMENT_TARGET = 9.3;
				MTL_ENABLE_DEBUG_INFO = NO;
				SDKROOT = iphoneos;
				TARGETED_DEVICE_FAMILY = "1,2";
				VALIDATE_PRODUCT = YES;
			};
			name = Release;
		};
		75E8F4531D11D6AF00DB76F1 /* Debug */ = {
			isa = XCBuildConfiguration;
			buildSettings = {
				ASSETCATALOG_COMPILER_APPICON_NAME = AppIcon;
				INFOPLIST_FILE = test/Info.plist;
				LD_RUNPATH_SEARCH_PATHS = "$(inherited) @executable_path/Frameworks";
				PRODUCT_BUNDLE_IDENTIFIER = com.test.test;
				PRODUCT_NAME = "$(TARGET_NAME)";
			};
			name = Debug;
		};
		75E8F4541D11D6AF00DB76F1 /* Release */ = {
			isa = XCBuildConfiguration;
			buildSettings = {
				ASSETCATALOG_COMPILER_APPICON_NAME = AppIcon;
				INFOPLIST_FILE = test/Info.plist;
				LD_RUNPATH_SEARCH_PATHS = "$(inherited) @executable_path/Frameworks";
				PRODUCT_BUNDLE_IDENTIFIER = com.test.test;
				PRODUCT_NAME = "$(TARGET_NAME)";
			};
			name = Release;
		};
		75E8F4561D11D6AF00DB76F1 /* Debug */ = {
			isa = XCBuildConfiguration;
			buildSettings = {
				BUNDLE_LOADER = "$(TEST_HOST)";
				INFOPLIST_FILE = testTests/Info.plist;
				LD_RUNPATH_SEARCH_PATHS = "$(inherited) @executable_path/Frameworks @loader_path/Frameworks";
				PRODUCT_BUNDLE_IDENTIFIER = com.test.testTests;
				PRODUCT_NAME = "$(TARGET_NAME)";
				TEST_HOST = "$(BUILT_PRODUCTS_DIR)/test.app/test";
			};
			name = Debug;
		};
		75E8F4571D11D6AF00DB76F1 /* Release */ = {
			isa = XCBuildConfiguration;
			buildSettings = {
				BUNDLE_LOADER = "$(TEST_HOST)";
				INFOPLIST_FILE = testTests/Info.plist;
				LD_RUNPATH_SEARCH_PATHS = "$(inherited) @executable_path/Frameworks @loader_path/Frameworks";
				PRODUCT_BUNDLE_IDENTIFIER = com.test.testTests;
				PRODUCT_NAME = "$(TARGET_NAME)";
				TEST_HOST = "$(BUILT_PRODUCTS_DIR)/test.app/test";
			};
			name = Release;
		};
		75E8F4591D11D6AF00DB76F1 /* Debug */ = {
			isa = XCBuildConfiguration;
			buildSettings = {
				INFOPLIST_FILE = testUITests/Info.plist;
				LD_RUNPATH_SEARCH_PATHS = "$(inherited) @executable_path/Frameworks @loader_path/Frameworks";
				PRODUCT_BUNDLE_IDENTIFIER = com.test.testUITests;
				PRODUCT_NAME = "$(TARGET_NAME)";
				TEST_TARGET_NAME = test;
			};
			name = Debug;
		};
		75E8F45A1D11D6AF00DB76F1 /* Release */ = {
			isa = XCBuildConfiguration;
			buildSettings = {
				INFOPLIST_FILE = testUITests/Info.plist;
				LD_RUNPATH_SEARCH_PATHS = "$(inherited) @executable_path/Frameworks @loader_path/Frameworks";
				PRODUCT_BUNDLE_IDENTIFIER = com.test.testUITests;
				PRODUCT_NAME = "$(TARGET_NAME)";
				TEST_TARGET_NAME = test;
			};
			name = Release;
		};
/* End XCBuildConfiguration section */

/* Begin XCConfigurationList section */
		75E8F4251D11D6AF00DB76F1 /* Build configuration list for PBXProject "test" */ = {
			isa = XCConfigurationList;
			buildConfigurations = (
				75E8F4501D11D6AF00DB76F1 /* Debug */,
				75E8F4511D11D6AF00DB76F1 /* Release */,
			);
			defaultConfigurationIsVisible = 0;
			defaultConfigurationName = Release;
		};
		75E8F4521D11D6AF00DB76F1 /* Build configuration list for PBXNativeTarget "test" */ = {
			isa = XCConfigurationList;
			buildConfigurations = (
				75E8F4531D11D6AF00DB76F1 /* Debug */,
				75E8F4541D11D6AF00DB76F1 /* Release */,
			);
			defaultConfigurationIsVisible = 0;
		};
		75E8F4551D11D6AF00DB76F1 /* Build configuration list for PBXNativeTarget "testTests" */ = {
			isa = XCConfigurationList;
			buildConfigurations = (
				75E8F4561D11D6AF00DB76F1 /* Debug */,
				75E8F4571D11D6AF00DB76F1 /* Release */,
			);
			defaultConfigurationIsVisible = 0;
		};
		75E8F4581D11D6AF00DB76F1 /* Build configuration list for PBXNativeTarget "testUITests" */ = {
			isa = XCConfigurationList;
			buildConfigurations = (
				75E8F4591D11D6AF00DB76F1 /* Debug */,
				75E8F45A1D11D6AF00DB76F1 /* Release */,
			);
			defaultConfigurationIsVisible = 0;
		};
/* End XCConfigurationList section */
	};
	rootObject = 75E8F4221D11D6AF00DB76F1 /* Project object */;
}
